
Microsoft Visual Studio Solution File, Format Version 12.00
# Visual Studio Version 17
VisualStudioVersion = 17.1.32319.34
MinimumVisualStudioVersion = 10.0.40219.1
Project("{8BC9CEB8-8B4A-11D0-8D11-00A0C91BC942}") = "RTX-2090-TiFy", "WinUI\RTX-2090-TiFy.vcxproj", "{BA8E1B6C-BECD-47C0-A110-E39B07C8F851}"
EndProject
Project("{2150E333-8FDC-42A3-9474-1A3956D46DE8}") = "Solution Items", "Solution Items", "{9D043434-A9CC-427B-A933-2B4BF8203FFD}"
	ProjectSection(SolutionItems) = preProject
		.clang-format = .clang-format
	EndProjectSection
EndProject
Project("{8BC9CEB8-8B4A-11D0-8D11-00A0C91BC942}") = "RTX-2090-Ti", "RTX-2090-Ti\RTX-2090-Ti.vcxitems", "{5FF941FA-6225-4F4E-8B09-6EB9DAEE80E4}"
EndProject
Global
	GlobalSection(SharedMSBuildProjectFiles) = preSolution
		RTX-2090-Ti\RTX-2090-Ti.vcxitems*{5ff941fa-6225-4f4e-8b09-6eb9daee80e4}*SharedItemsImports = 9
		RTX-2090-Ti\RTX-2090-Ti.vcxitems*{ba8e1b6c-becd-47c0-a110-e39b07c8f851}*SharedItemsImports = 4
	EndGlobalSection
	GlobalSection(SolutionConfigurationPlatforms) = preSolution
		Debug|ARM = Debug|ARM
		Debug|ARM64 = Debug|ARM64
		Debug|x64 = Debug|x64
		Debug|x86 = Debug|x86
		Release|ARM = Release|ARM
		Release|ARM64 = Release|ARM64
		Release|x64 = Release|x64
		Release|x86 = Release|x86
	EndGlobalSection
	GlobalSection(ProjectConfigurationPlatforms) = postSolution
		{BA8E1B6C-BECD-47C0-A110-E39B07C8F851}.Debug|ARM.ActiveCfg = Debug|ARM
		{BA8E1B6C-BECD-47C0-A110-E39B07C8F851}.Debug|ARM.Build.0 = Debug|ARM
		{BA8E1B6C-BECD-47C0-A110-E39B07C8F851}.Debug|ARM.Deploy.0 = Debug|ARM
		{BA8E1B6C-BECD-47C0-A110-E39B07C8F851}.Debug|ARM64.ActiveCfg = Debug|ARM64
		{BA8E1B6C-BECD-47C0-A110-E39B07C8F851}.Debug|ARM64.Build.0 = Debug|ARM64
		{BA8E1B6C-BECD-47C0-A110-E39B07C8F851}.Debug|ARM64.Deploy.0 = Debug|ARM64
		{BA8E1B6C-BECD-47C0-A110-E39B07C8F851}.Debug|x64.ActiveCfg = Debug|x64
		{BA8E1B6C-BECD-47C0-A110-E39B07C8F851}.Debug|x64.Build.0 = Debug|x64
		{BA8E1B6C-BECD-47C0-A110-E39B07C8F851}.Debug|x64.Deploy.0 = Debug|x64
		{BA8E1B6C-BECD-47C0-A110-E39B07C8F851}.Debug|x86.ActiveCfg = Debug|Win32
		{BA8E1B6C-BECD-47C0-A110-E39B07C8F851}.Debug|x86.Build.0 = Debug|Win32
		{BA8E1B6C-BECD-47C0-A110-E39B07C8F851}.Debug|x86.Deploy.0 = Debug|Win32
		{BA8E1B6C-BECD-47C0-A110-E39B07C8F851}.Release|ARM.ActiveCfg = Release|ARM
		{BA8E1B6C-BECD-47C0-A110-E39B07C8F851}.Release|ARM.Build.0 = Release|ARM
		{BA8E1B6C-BECD-47C0-A110-E39B07C8F851}.Release|ARM.Deploy.0 = Release|ARM
		{BA8E1B6C-BECD-47C0-A110-E39B07C8F851}.Release|ARM64.ActiveCfg = Release|ARM64
		{BA8E1B6C-BECD-47C0-A110-E39B07C8F851}.Release|ARM64.Build.0 = Release|ARM64
		{BA8E1B6C-BECD-47C0-A110-E39B07C8F851}.Release|ARM64.Deploy.0 = Release|ARM64
		{BA8E1B6C-BECD-47C0-A110-E39B07C8F851}.Release|x64.ActiveCfg = Release|x64
		{BA8E1B6C-BECD-47C0-A110-E39B07C8F851}.Release|x64.Build.0 = Release|x64
		{BA8E1B6C-BECD-47C0-A110-E39B07C8F851}.Release|x64.Deploy.0 = Release|x64
		{BA8E1B6C-BECD-47C0-A110-E39B07C8F851}.Release|x86.ActiveCfg = Release|Win32
		{BA8E1B6C-BECD-47C0-A110-E39B07C8F851}.Release|x86.Build.0 = Release|Win32
		{BA8E1B6C-BECD-47C0-A110-E39B07C8F851}.Release|x86.Deploy.0 = Release|Win32
	EndGlobalSection
	GlobalSection(SolutionProperties) = preSolution
		HideSolutionNode = FALSE
	EndGlobalSection
	GlobalSection(ExtensibilityGlobals) = postSolution
		SolutionGuid = {40F7238A-AA61-46A5-B07D-A94382456899}
	EndGlobalSection
EndGlobal
