<?xml version="1.0" encoding="utf-8"?>
<Project ToolsVersion="4.0" xmlns="http://schemas.microsoft.com/developer/msbuild/2003">
  <ItemGroup>
    <ClCompile Include="pch.cpp" />
    <ClCompile Include="$(GeneratedFilesDir)module.g.cpp">
      <Filter>gitignored</Filter>
    </ClCompile>
    <ClCompile Include="AppState.cpp">
      <Filter>src\Classes</Filter>
    </ClCompile>
    <ClCompile Include="AppSettings.cpp">
      <Filter>src\Classes</Filter>
    </ClCompile>
    <ClCompile Include="ThemeColor.cpp">
      <Filter>src\Classes</Filter>
    </ClCompile>
  </ItemGroup>
  <ItemGroup>
    <ClInclude Include="pch.h" />
    <ClInclude Include="AppState.hpp">
      <Filter>src\Classes</Filter>
    </ClInclude>
    <ClInclude Include="AppSettings.hpp">
      <Filter>src\Classes</Filter>
    </ClInclude>
    <ClInclude Include="ThemeColor.hpp">
      <Filter>src\Classes</Filter>
    </ClInclude>
    <ClInclude Include="AppConstants.hpp">
      <Filter>src\Classes</Filter>
    </ClInclude>
  </ItemGroup>
  <ItemGroup>
    <Image Include="Assets\SmallTile.scale-100.png">
      <Filter>Assets</Filter>
    </Image>
    <Image Include="Assets\SmallTile.scale-125.png">
      <Filter>Assets</Filter>
    </Image>
    <Image Include="Assets\SmallTile.scale-150.png">
      <Filter>Assets</Filter>
    </Image>
    <Image Include="Assets\SmallTile.scale-200.png">
      <Filter>Assets</Filter>
    </Image>
    <Image Include="Assets\Square150x150Logo.scale-100.png">
      <Filter>Assets</Filter>
    </Image>
    <Image Include="Assets\Square150x150Logo.scale-125.png">
      <Filter>Assets</Filter>
    </Image>
    <Image Include="Assets\Square150x150Logo.scale-150.png">
      <Filter>Assets</Filter>
    </Image>
    <Image Include="Assets\Wide310x150Logo.scale-100.png">
      <Filter>Assets</Filter>
    </Image>
    <Image Include="Assets\Wide310x150Logo.scale-125.png">
      <Filter>Assets</Filter>
    </Image>
    <Image Include="Assets\Wide310x150Logo.scale-150.png">
      <Filter>Assets</Filter>
    </Image>
    <Image Include="Assets\LargeTile.scale-100.png">
      <Filter>Assets</Filter>
    </Image>
    <Image Include="Assets\LargeTile.scale-125.png">
      <Filter>Assets</Filter>
    </Image>
    <Image Include="Assets\LargeTile.scale-150.png">
      <Filter>Assets</Filter>
    </Image>
    <Image Include="Assets\LargeTile.scale-200.png">
      <Filter>Assets</Filter>
    </Image>
    <Image Include="Assets\Square44x44Logo.scale-100.png">
      <Filter>Assets</Filter>
    </Image>
    <Image Include="Assets\Square44x44Logo.scale-125.png">
      <Filter>Assets</Filter>
    </Image>
    <Image Include="Assets\Square44x44Logo.scale-150.png">
      <Filter>Assets</Filter>
    </Image>
    <Image Include="Assets\Square44x44Logo.targetsize-16.png">
      <Filter>Assets</Filter>
    </Image>
    <Image Include="Assets\Square44x44Logo.targetsize-24.png">
      <Filter>Assets</Filter>
    </Image>
    <Image Include="Assets\Square44x44Logo.targetsize-32.png">
      <Filter>Assets</Filter>
    </Image>
    <Image Include="Assets\Square44x44Logo.targetsize-48.png">
      <Filter>Assets</Filter>
    </Image>
    <Image Include="Assets\Square44x44Logo.altform-unplated_targetsize-16.png">
      <Filter>Assets</Filter>
    </Image>
    <Image Include="Assets\Square44x44Logo.altform-unplated_targetsize-32.png">
      <Filter>Assets</Filter>
    </Image>
    <Image Include="Assets\Square44x44Logo.altform-unplated_targetsize-48.png">
      <Filter>Assets</Filter>
    </Image>
    <Image Include="Assets\Square44x44Logo.altform-lightunplated_targetsize-16.png">
      <Filter>Assets</Filter>
    </Image>
    <Image Include="Assets\Square44x44Logo.altform-lightunplated_targetsize-24.png">
      <Filter>Assets</Filter>
    </Image>
    <Image Include="Assets\Square44x44Logo.altform-lightunplated_targetsize-32.png">
      <Filter>Assets</Filter>
    </Image>
    <Image Include="Assets\Square44x44Logo.altform-lightunplated_targetsize-48.png">
      <Filter>Assets</Filter>
    </Image>
    <Image Include="Assets\SplashScreen.scale-100.png">
      <Filter>Assets</Filter>
    </Image>
    <Image Include="Assets\SplashScreen.scale-125.png">
      <Filter>Assets</Filter>
    </Image>
    <Image Include="Assets\SplashScreen.scale-150.png">
      <Filter>Assets</Filter>
    </Image>
    <Image Include="Assets\StoreLogo.scale-100.png">
      <Filter>Assets</Filter>
    </Image>
    <Image Include="Assets\StoreLogo.scale-125.png">
      <Filter>Assets</Filter>
    </Image>
    <Image Include="Assets\StoreLogo.scale-150.png">
      <Filter>Assets</Filter>
    </Image>
    <Image Include="Assets\StoreLogo.scale-200.png">
      <Filter>Assets</Filter>
    </Image>
    <Image Include="Assets\SplashScreen.scale-200.png">
      <Filter>Assets</Filter>
    </Image>
    <Image Include="Assets\Square44x44Logo.scale-200.png">
      <Filter>Assets</Filter>
    </Image>
    <Image Include="Assets\Square44x44Logo.targetsize-24_altform-unplated.png">
      <Filter>Assets</Filter>
    </Image>
    <Image Include="Assets\Square150x150Logo.scale-200.png">
      <Filter>Assets</Filter>
    </Image>
    <Image Include="Assets\Wide310x150Logo.scale-200.png">
      <Filter>Assets</Filter>
    </Image>
  </ItemGroup>
  <ItemGroup>
    <AppxManifest Include="Package.debug.appxmanifest" />
  </ItemGroup>
  <ItemGroup>
    <None Include="packages.config" />
    <None Include="PropertySheet.props" />
    <None Include="opencv_world455.dll">
      <Filter>gitignored</Filter>
    </None>
    <None Include="opencv_world455d.dll">
      <Filter>gitignored</Filter>
    </None>
    <None Include="Package.StoreAssociation.xml" />
  </ItemGroup>
  <ItemGroup>
    <Text Include="readme.txt" />
    <Text Include="LICENSE.g.txt">
      <Filter>gitignored</Filter>
    </Text>
  </ItemGroup>
  <ItemGroup>
    <Page Include="HomePage.xaml">
      <Filter>src\Views</Filter>
    </Page>
    <Page Include="Settings.xaml">
      <Filter>src\Views</Filter>
    </Page>
    <Page Include="ExternalLink.xaml">
      <Filter>src\Controls</Filter>
    </Page>
    <Page Include="MainPage.xaml">
      <Filter>src</Filter>
    </Page>
    <Page Include="Styles.xaml">
      <Filter>src\Styles</Filter>
    </Page>
    <Page Include="VendorStyles.xaml">
      <Filter>src\Styles</Filter>
    </Page>
    <Page Include="ExpanderToggle.xaml">
      <Filter>src\Controls</Filter>
    </Page>
    <Page Include="Constants.xaml">
      <Filter>src\Styles</Filter>
    </Page>
  </ItemGroup>
  <ItemGroup>
    <Filter Include="Assets">
      <UniqueIdentifier>{d1bbeead-ba69-4fa2-8773-eb18f7e2e78a}</UniqueIdentifier>
    </Filter>
    <Filter Include="gitignored">
      <UniqueIdentifier>{ba00490d-c905-4e4c-b456-ec7832d16cc3}</UniqueIdentifier>
    </Filter>
    <Filter Include="src">
      <UniqueIdentifier>{52138440-07b5-4fdd-8898-7b482eb5daef}</UniqueIdentifier>
    </Filter>
    <Filter Include="src\Views">
      <UniqueIdentifier>{ad6fcc02-b5aa-46fe-a7b2-6c9e5ac5f9ca}</UniqueIdentifier>
    </Filter>
    <Filter Include="src\Controls">
      <UniqueIdentifier>{c5600c22-651a-4c0c-8e71-26724e404484}</UniqueIdentifier>
    </Filter>
    <Filter Include="src\Classes">
      <UniqueIdentifier>{c7644487-8416-4e62-a352-94a3bfe3f8af}</UniqueIdentifier>
    </Filter>
    <Filter Include="src\Styles">
      <UniqueIdentifier>{9e9c8f50-3ab6-4932-b699-e6a4549521ae}</UniqueIdentifier>
    </Filter>
  </ItemGroup>
  <ItemGroup>
    <ApplicationDefinition Include="App.xaml">
      <Filter>src</Filter>
    </ApplicationDefinition>
  </ItemGroup>
</Project>