<?xml version="1.0" encoding="utf-8"?>
<Project ToolsVersion="4.0" xmlns="http://schemas.microsoft.com/developer/msbuild/2003">
  <ItemGroup>
    <ClCompile Include="$(MSBuildThisFileDirectory)GPUConfig.cpp" />
    <ClCompile Include="$(MSBuildThisFileDirectory)ImageHandler.cpp" />
  </ItemGroup>
  <ItemGroup>
    <ClInclude Include="$(MSBuildThisFileDirectory)GPUConfig.hpp" />
    <ClInclude Include="$(MSBuildThisFileDirectory)ImageHandler.hpp" />
    <ClInclude Include="$(MSBuildThisFileDirectory)IProgressBar.hpp" />
    <ClInclude Include="$(MSBuildThisFileDirectory)Macros\opencv.hpp" />
  </ItemGroup>
</Project>